
Microsoft Visual Studio Solution File, Format Version 12.00
# Visual Studio Version 16
VisualStudioVersion = 16.0.29318.209
MinimumVisualStudioVersion = 10.0.40219.1
Project("{FAE04EC0-301F-11D3-BF4B-00C04F79EFBC}") = "AnimeAll", "AnimeAll\AnimeAll.csproj", "{7B3DF8DE-C028-4929-97E9-CDF62A516469}"
EndProject
Global
	GlobalSection(SolutionConfigurationPlatforms) = preSolution
		Debug|Any CPU = Debug|Any CPU
		Release|Any CPU = Release|Any CPU
	EndGlobalSection
	GlobalSection(ProjectConfigurationPlatforms) = postSolution
		{7B3DF8DE-C028-4929-97E9-CDF62A516469}.Debug|Any CPU.ActiveCfg = Debug|Any CPU
		{7B3DF8DE-C028-4929-97E9-CDF62A516469}.Debug|Any CPU.Build.0 = Debug|Any CPU
		{7B3DF8DE-C028-4929-97E9-CDF62A516469}.Release|Any CPU.ActiveCfg = Release|Any CPU
		{7B3DF8DE-C028-4929-97E9-CDF62A516469}.Release|Any CPU.Build.0 = Release|Any CPU
	EndGlobalSection
	GlobalSection(SolutionProperties) = preSolution
		HideSolutionNode = FALSE
	EndGlobalSection
	GlobalSection(ExtensibilityGlobals) = postSolution
		SolutionGuid = {AC659D16-9D2E-4E71-8D79-85346A841AF9}
	EndGlobalSection
EndGlobal
